<?xml version="1.0" encoding="utf-8"?>
<Project ToolsVersion="4.0" xmlns="http://schemas.microsoft.com/developer/msbuild/2003">
  <ItemGroup>
    <Filter Include="Source Files">
      <UniqueIdentifier>{68085db6-1356-4c0d-9446-b91e760ad52c}</UniqueIdentifier>
      <Extensions>cpp;c;cxx;rc;def;r;odl;idl;hpj;bat;f90;for;f;fpp</Extensions>
    </Filter>
    <Filter Include="Header Files">
      <UniqueIdentifier>{f595ad5f-6c3e-4867-9fbf-9e7f8a45afdb}</UniqueIdentifier>
      <Extensions>h;hpp;hxx;hm;inl;fi;fd</Extensions>
    </Filter>
    <Filter Include="Resource Files">
      <UniqueIdentifier>{4f656db3-03fd-47bd-a803-f8684ba64e98}</UniqueIdentifier>
      <Extensions>ico;cur;bmp;dlg;rc2;rct;bin;rgs;gif;jpg;jpeg;jpe</Extensions>
    </Filter>
  </ItemGroup>
  <ItemGroup>
    <CustomBuild Include="..\..\BS_STRCT\DIS_CUV\adss_cell.f90">
      <Filter>Source Files</Filter>
    </CustomBuild>
    <CustomBuild Include="..\..\BS_STRCT\DIS_CUV\AUXI_CUV\auxi_cc.f90">
      <Filter>Source Files</Filter>
    </CustomBuild>
    <CustomBuild Include="..\..\BS_STRCT\DIS_CUV\AUXI_CUV\Auxi_cv1.f90">
      <Filter>Source Files</Filter>
    </CustomBuild>
    <CustomBuild Include="..\..\BS_STRCT\DIS_CUV\REG_CUV\crit_cell.f90">
      <Filter>Source Files</Filter>
    </CustomBuild>
    <CustomBuild Include="..\..\BS_STRCT\DIS_CUV\crit_info.f90">
      <Filter>Source Files</Filter>
    </CustomBuild>
    <CustomBuild Include="..\..\BS_STRCT\SOLU\data_ext.f90">
      <Filter>Source Files</Filter>
    </CustomBuild>
    <CustomBuild Include="..\..\BS_STRCT\DIS_CUV\REG_CUV\discontinuity_curve.f90">
      <Filter>Source Files</Filter>
    </CustomBuild>
    <CustomBuild Include="..\..\MAIN_ITF\main_euler\EULER\euler_functions.f90">
      <Filter>Source Files</Filter>
    </CustomBuild>
    <CustomBuild Include="..\..\MAIN_ITF\main_euler\EULER\eulernew.f90">
      <Filter>Source Files</Filter>
    </CustomBuild>
    <CustomBuild Include="..\..\BS_STRCT\DIS_CUV\AUXI_CUV\fif_cell.f90">
      <Filter>Source Files</Filter>
    </CustomBuild>
    <CustomBuild Include="FORM_SL1.f90">
      <Filter>Source Files</Filter>
    </CustomBuild>
    <CustomBuild Include="..\..\BS_OPRT\REST_CV\Fun_use.f90">
      <Filter>Source Files</Filter>
    </CustomBuild>
    <CustomBuild Include="..\..\BS_STRCT\DIS_CUV\gif_cell.f90">
      <Filter>Source Files</Filter>
    </CustomBuild>
    <CustomBuild Include="..\..\BS_STRCT\grid.f90">
      <Filter>Source Files</Filter>
    </CustomBuild>
    <CustomBuild Include="..\..\BS_STRCT\grid_map.f90">
      <Filter>Source Files</Filter>
    </CustomBuild>
    <CustomBuild Include="init_HS_airHe.f90">
      <Filter>Source Files</Filter>
    </CustomBuild>
    <CustomBuild Include="..\..\BS_STRCT\NODE\nd_cls.f90">
      <Filter>Source Files</Filter>
    </CustomBuild>
    <CustomBuild Include="..\..\BS_STRCT\NODE\nd_ring.f90">
      <Filter>Source Files</Filter>
    </CustomBuild>
    <CustomBuild Include="..\..\BS_OPRT\Num_int.f90">
      <Filter>Source Files</Filter>
    </CustomBuild>
    <CustomBuild Include="..\..\BS_OPRT\Num_int2.f90">
      <Filter>Source Files</Filter>
    </CustomBuild>
    <CustomBuild Include="..\..\MAIN_ITF\main_euler\interface\outputs_euler.f90">
      <Filter>Source Files</Filter>
    </CustomBuild>
    <CustomBuild Include="..\..\BS_STRCT\DIS_CUV\pif_cell.f90">
      <Filter>Source Files</Filter>
    </CustomBuild>
    <CustomBuild Include="..\..\BS_OPRT\polynomial.f90">
      <Filter>Source Files</Filter>
    </CustomBuild>
    <CustomBuild Include="..\..\BS_STRCT\SL_SMTH\sh_sths.f90">
      <Filter>Source Files</Filter>
    </CustomBuild>
    <CustomBuild Include="..\..\BS_STRCT\SOLU\solution.f90">
      <Filter>Source Files</Filter>
    </CustomBuild>
    <CustomBuild Include="..\..\BS_STRCT\SL_SMTH\solution_smooth.f90">
      <Filter>Source Files</Filter>
    </CustomBuild>
    <CustomBuild Include="..\..\BS_OPRT\tools.f90">
      <Filter>Source Files</Filter>
    </CustomBuild>
  </ItemGroup>
</Project>